// !$*UTF8*$!
{
	archiveVersion = 1;
	classes = {
	};
	objectVersion = 46;
	objects = {

/* Begin PBXBuildFile section */
		3E4B8C3A1B9E2953007BFE57 /* main.m in Sources */ = {isa = PBXBuildFile; fileRef = 3E4B8C391B9E2953007BFE57 /* main.m */; };
		3E4B8C3D1B9E2953007BFE57 /* AppDelegate.m in Sources */ = {isa = PBXBuildFile; fileRef = 3E4B8C3C1B9E2953007BFE57 /* AppDelegate.m */; };
		3E4B8C401B9E2953007BFE57 /* HotelManager.xcdatamodeld in Sources */ = {isa = PBXBuildFile; fileRef = 3E4B8C3E1B9E2953007BFE57 /* HotelManager.xcdatamodeld */; };
		3E4B8C431B9E2953007BFE57 /* ViewController.m in Sources */ = {isa = PBXBuildFile; fileRef = 3E4B8C421B9E2953007BFE57 /* ViewController.m */; };
		3E4B8C481B9E2953007BFE57 /* Images.xcassets in Resources */ = {isa = PBXBuildFile; fileRef = 3E4B8C471B9E2953007BFE57 /* Images.xcassets */; };
		3E4B8C4B1B9E2953007BFE57 /* LaunchScreen.xib in Resources */ = {isa = PBXBuildFile; fileRef = 3E4B8C491B9E2953007BFE57 /* LaunchScreen.xib */; };
		3E4B8C831B9E876E007BFE57 /* Guest.m in Sources */ = {isa = PBXBuildFile; fileRef = 3E4B8C821B9E876E007BFE57 /* Guest.m */; };
		3E4B8C8B1B9F5847007BFE57 /* HotelListViewController.m in Sources */ = {isa = PBXBuildFile; fileRef = 3E4B8C8A1B9F5847007BFE57 /* HotelListViewController.m */; };
		3E4B8C8E1B9F625B007BFE57 /* RoomListViewController.m in Sources */ = {isa = PBXBuildFile; fileRef = 3E4B8C8D1B9F625B007BFE57 /* RoomListViewController.m */; };
		3E4B8C901B9FB7D7007BFE57 /* hotels.json in Resources */ = {isa = PBXBuildFile; fileRef = 3E4B8C8F1B9FB7D7007BFE57 /* hotels.json */; };
		3E4B8C931B9FB973007BFE57 /* DatePickerViewController.m in Sources */ = {isa = PBXBuildFile; fileRef = 3E4B8C921B9FB973007BFE57 /* DatePickerViewController.m */; };
		3E4B8C961B9FD7AD007BFE57 /* DatePickerEndViewController.m in Sources */ = {isa = PBXBuildFile; fileRef = 3E4B8C951B9FD7AD007BFE57 /* DatePickerEndViewController.m */; };
		3E4B8C991B9FD8A8007BFE57 /* BookReservationViewController.m in Sources */ = {isa = PBXBuildFile; fileRef = 3E4B8C981B9FD8A8007BFE57 /* BookReservationViewController.m */; };
		3E4B8C9C1BA0A72D007BFE57 /* AvailableRoomsViewController.m in Sources */ = {isa = PBXBuildFile; fileRef = 3E4B8C9B1BA0A72D007BFE57 /* AvailableRoomsViewController.m */; };
		3E4B8C9F1BA0D18B007BFE57 /* CoreDataStack.m in Sources */ = {isa = PBXBuildFile; fileRef = 3E4B8C9E1BA0D18B007BFE57 /* CoreDataStack.m */; };
		3E4B8CA21BA0D456007BFE57 /* ReservationService.m in Sources */ = {isa = PBXBuildFile; fileRef = 3E4B8CA11BA0D456007BFE57 /* ReservationService.m */; };
		3E4B8CA91BA1E3CB007BFE57 /* Reservation.m in Sources */ = {isa = PBXBuildFile; fileRef = 3E4B8CA81BA1E3CB007BFE57 /* Reservation.m */; };
		3E4B8CAC1BA1F40D007BFE57 /* Hotel.m in Sources */ = {isa = PBXBuildFile; fileRef = 3E4B8CAB1BA1F40D007BFE57 /* Hotel.m */; };
		3E4B8CAF1BA1F518007BFE57 /* Room.m in Sources */ = {isa = PBXBuildFile; fileRef = 3E4B8CAE1BA1F518007BFE57 /* Room.m */; };
		3EEF85EE1BA337240095A6FC /* ReservationServiceTest.m in Sources */ = {isa = PBXBuildFile; fileRef = 3EEF85ED1BA337240095A6FC /* ReservationServiceTest.m */; };
		3EEF85F01BA337410095A6FC /* HotelManagerTest.m in Sources */ = {isa = PBXBuildFile; fileRef = 3EEF85EF1BA337410095A6FC /* HotelManagerTest.m */; };
		3EEF85F51BA3636C0095A6FC /* Localizable.strings in Resources */ = {isa = PBXBuildFile; fileRef = 3EEF85F81BA3636C0095A6FC /* Localizable.strings */; };
		3EEF85F61BA3636C0095A6FC /* Localizable.strings in Resources */ = {isa = PBXBuildFile; fileRef = 3EEF85F81BA3636C0095A6FC /* Localizable.strings */; };
		3EEF85FA1BA37EA30095A6FC /* CoreData.framework in Frameworks */ = {isa = PBXBuildFile; fileRef = 3EEF85F91BA37EA30095A6FC /* CoreData.framework */; };
		3EEF85FC1BA37EC80095A6FC /* SystemConfiguration.framework in Frameworks */ = {isa = PBXBuildFile; fileRef = 3EEF85FB1BA37EC80095A6FC /* SystemConfiguration.framework */; };
		3EEF85FE1BA37EDD0095A6FC /* libz.dylib in Frameworks */ = {isa = PBXBuildFile; fileRef = 3EEF85FD1BA37EDD0095A6FC /* libz.dylib */; };
		3EEF86001BA37EFE0095A6FC /* libsqlite3.dylib in Frameworks */ = {isa = PBXBuildFile; fileRef = 3EEF85FF1BA37EFE0095A6FC /* libsqlite3.dylib */; };
		3EEF86021BA37F4B0095A6FC /* libGoogleAnalyticsServices.a in Frameworks */ = {isa = PBXBuildFile; fileRef = 3EEF86011BA37F4B0095A6FC /* libGoogleAnalyticsServices.a */; };
		3EEF86101BA388BA0095A6FC /* GoogleService-Info.plist in Resources */ = {isa = PBXBuildFile; fileRef = 3EEF860F1BA388BA0095A6FC /* GoogleService-Info.plist */; };
		3EEF86111BA388BA0095A6FC /* GoogleService-Info.plist in Resources */ = {isa = PBXBuildFile; fileRef = 3EEF860F1BA388BA0095A6FC /* GoogleService-Info.plist */; };
/* End PBXBuildFile section */

/* Begin PBXContainerItemProxy section */
		3E4B8C511B9E2953007BFE57 /* PBXContainerItemProxy */ = {
			isa = PBXContainerItemProxy;
			containerPortal = 3E4B8C2C1B9E2953007BFE57 /* Project object */;
			proxyType = 1;
			remoteGlobalIDString = 3E4B8C331B9E2953007BFE57;
			remoteInfo = HotelManager;
		};
/* End PBXContainerItemProxy section */

/* Begin PBXFileReference section */
		3E4B8C341B9E2953007BFE57 /* HotelManager.app */ = {isa = PBXFileReference; explicitFileType = wrapper.application; includeInIndex = 0; path = HotelManager.app; sourceTree = BUILT_PRODUCTS_DIR; };
		3E4B8C381B9E2953007BFE57 /* Info.plist */ = {isa = PBXFileReference; lastKnownFileType = text.plist.xml; path = Info.plist; sourceTree = "<group>"; };
		3E4B8C391B9E2953007BFE57 /* main.m */ = {isa = PBXFileReference; lastKnownFileType = sourcecode.c.objc; path = main.m; sourceTree = "<group>"; };
		3E4B8C3B1B9E2953007BFE57 /* AppDelegate.h */ = {isa = PBXFileReference; lastKnownFileType = sourcecode.c.h; path = AppDelegate.h; sourceTree = "<group>"; };
		3E4B8C3C1B9E2953007BFE57 /* AppDelegate.m */ = {isa = PBXFileReference; lastKnownFileType = sourcecode.c.objc; path = AppDelegate.m; sourceTree = "<group>"; };
		3E4B8C3F1B9E2953007BFE57 /* HotelManager.xcdatamodel */ = {isa = PBXFileReference; lastKnownFileType = wrapper.xcdatamodel; path = HotelManager.xcdatamodel; sourceTree = "<group>"; };
		3E4B8C411B9E2953007BFE57 /* ViewController.h */ = {isa = PBXFileReference; lastKnownFileType = sourcecode.c.h; path = ViewController.h; sourceTree = "<group>"; };
		3E4B8C421B9E2953007BFE57 /* ViewController.m */ = {isa = PBXFileReference; lastKnownFileType = sourcecode.c.objc; path = ViewController.m; sourceTree = "<group>"; };
		3E4B8C471B9E2953007BFE57 /* Images.xcassets */ = {isa = PBXFileReference; lastKnownFileType = folder.assetcatalog; path = Images.xcassets; sourceTree = "<group>"; };
		3E4B8C4A1B9E2953007BFE57 /* Base */ = {isa = PBXFileReference; lastKnownFileType = file.xib; name = Base; path = Base.lproj/LaunchScreen.xib; sourceTree = "<group>"; };
		3E4B8C501B9E2953007BFE57 /* HotelManagerTests.xctest */ = {isa = PBXFileReference; explicitFileType = wrapper.cfbundle; includeInIndex = 0; path = HotelManagerTests.xctest; sourceTree = BUILT_PRODUCTS_DIR; };
		3E4B8C551B9E2953007BFE57 /* Info.plist */ = {isa = PBXFileReference; lastKnownFileType = text.plist.xml; path = Info.plist; sourceTree = "<group>"; };
		3E4B8C811B9E876E007BFE57 /* Guest.h */ = {isa = PBXFileReference; fileEncoding = 4; lastKnownFileType = sourcecode.c.h; path = Guest.h; sourceTree = "<group>"; };
		3E4B8C821B9E876E007BFE57 /* Guest.m */ = {isa = PBXFileReference; fileEncoding = 4; lastKnownFileType = sourcecode.c.objc; path = Guest.m; sourceTree = "<group>"; };
		3E4B8C891B9F5847007BFE57 /* HotelListViewController.h */ = {isa = PBXFileReference; fileEncoding = 4; lastKnownFileType = sourcecode.c.h; path = HotelListViewController.h; sourceTree = "<group>"; };
		3E4B8C8A1B9F5847007BFE57 /* HotelListViewController.m */ = {isa = PBXFileReference; fileEncoding = 4; lastKnownFileType = sourcecode.c.objc; path = HotelListViewController.m; sourceTree = "<group>"; };
		3E4B8C8C1B9F625B007BFE57 /* RoomListViewController.h */ = {isa = PBXFileReference; fileEncoding = 4; lastKnownFileType = sourcecode.c.h; path = RoomListViewController.h; sourceTree = "<group>"; };
		3E4B8C8D1B9F625B007BFE57 /* RoomListViewController.m */ = {isa = PBXFileReference; fileEncoding = 4; lastKnownFileType = sourcecode.c.objc; path = RoomListViewController.m; sourceTree = "<group>"; };
		3E4B8C8F1B9FB7D7007BFE57 /* hotels.json */ = {isa = PBXFileReference; fileEncoding = 4; lastKnownFileType = text.json; path = hotels.json; sourceTree = "<group>"; };
		3E4B8C911B9FB973007BFE57 /* DatePickerViewController.h */ = {isa = PBXFileReference; fileEncoding = 4; lastKnownFileType = sourcecode.c.h; path = DatePickerViewController.h; sourceTree = "<group>"; };
		3E4B8C921B9FB973007BFE57 /* DatePickerViewController.m */ = {isa = PBXFileReference; fileEncoding = 4; lastKnownFileType = sourcecode.c.objc; path = DatePickerViewController.m; sourceTree = "<group>"; };
		3E4B8C941B9FD7AD007BFE57 /* DatePickerEndViewController.h */ = {isa = PBXFileReference; fileEncoding = 4; lastKnownFileType = sourcecode.c.h; path = DatePickerEndViewController.h; sourceTree = "<group>"; };
		3E4B8C951B9FD7AD007BFE57 /* DatePickerEndViewController.m */ = {isa = PBXFileReference; fileEncoding = 4; lastKnownFileType = sourcecode.c.objc; path = DatePickerEndViewController.m; sourceTree = "<group>"; };
		3E4B8C971B9FD8A8007BFE57 /* BookReservationViewController.h */ = {isa = PBXFileReference; fileEncoding = 4; lastKnownFileType = sourcecode.c.h; path = BookReservationViewController.h; sourceTree = "<group>"; };
		3E4B8C981B9FD8A8007BFE57 /* BookReservationViewController.m */ = {isa = PBXFileReference; fileEncoding = 4; lastKnownFileType = sourcecode.c.objc; path = BookReservationViewController.m; sourceTree = "<group>"; };
		3E4B8C9A1BA0A72D007BFE57 /* AvailableRoomsViewController.h */ = {isa = PBXFileReference; fileEncoding = 4; lastKnownFileType = sourcecode.c.h; path = AvailableRoomsViewController.h; sourceTree = "<group>"; };
		3E4B8C9B1BA0A72D007BFE57 /* AvailableRoomsViewController.m */ = {isa = PBXFileReference; fileEncoding = 4; lastKnownFileType = sourcecode.c.objc; path = AvailableRoomsViewController.m; sourceTree = "<group>"; };
		3E4B8C9D1BA0D18B007BFE57 /* CoreDataStack.h */ = {isa = PBXFileReference; fileEncoding = 4; lastKnownFileType = sourcecode.c.h; path = CoreDataStack.h; sourceTree = "<group>"; };
		3E4B8C9E1BA0D18B007BFE57 /* CoreDataStack.m */ = {isa = PBXFileReference; fileEncoding = 4; lastKnownFileType = sourcecode.c.objc; path = CoreDataStack.m; sourceTree = "<group>"; };
		3E4B8CA01BA0D456007BFE57 /* ReservationService.h */ = {isa = PBXFileReference; fileEncoding = 4; lastKnownFileType = sourcecode.c.h; path = ReservationService.h; sourceTree = "<group>"; };
		3E4B8CA11BA0D456007BFE57 /* ReservationService.m */ = {isa = PBXFileReference; fileEncoding = 4; lastKnownFileType = sourcecode.c.objc; path = ReservationService.m; sourceTree = "<group>"; };
		3E4B8CA71BA1E3CB007BFE57 /* Reservation.h */ = {isa = PBXFileReference; fileEncoding = 4; lastKnownFileType = sourcecode.c.h; path = Reservation.h; sourceTree = "<group>"; };
		3E4B8CA81BA1E3CB007BFE57 /* Reservation.m */ = {isa = PBXFileReference; fileEncoding = 4; lastKnownFileType = sourcecode.c.objc; path = Reservation.m; sourceTree = "<group>"; };
		3E4B8CAA1BA1F40D007BFE57 /* Hotel.h */ = {isa = PBXFileReference; fileEncoding = 4; lastKnownFileType = sourcecode.c.h; path = Hotel.h; sourceTree = "<group>"; };
		3E4B8CAB1BA1F40D007BFE57 /* Hotel.m */ = {isa = PBXFileReference; fileEncoding = 4; lastKnownFileType = sourcecode.c.objc; path = Hotel.m; sourceTree = "<group>"; };
		3E4B8CAD1BA1F518007BFE57 /* Room.h */ = {isa = PBXFileReference; fileEncoding = 4; lastKnownFileType = sourcecode.c.h; path = Room.h; sourceTree = "<group>"; };
		3E4B8CAE1BA1F518007BFE57 /* Room.m */ = {isa = PBXFileReference; fileEncoding = 4; lastKnownFileType = sourcecode.c.objc; path = Room.m; sourceTree = "<group>"; };
		3EEF85ED1BA337240095A6FC /* ReservationServiceTest.m */ = {isa = PBXFileReference; fileEncoding = 4; lastKnownFileType = sourcecode.c.objc; path = ReservationServiceTest.m; sourceTree = "<group>"; };
		3EEF85EF1BA337410095A6FC /* HotelManagerTest.m */ = {isa = PBXFileReference; fileEncoding = 4; lastKnownFileType = sourcecode.c.objc; path = HotelManagerTest.m; sourceTree = "<group>"; };
		3EEF85F11BA362A40095A6FC /* it */ = {isa = PBXFileReference; lastKnownFileType = text.plist.strings; name = it; path = it.lproj/LaunchScreen.strings; sourceTree = "<group>"; };
		3EEF85F71BA3636C0095A6FC /* it */ = {isa = PBXFileReference; lastKnownFileType = text.plist.strings; name = it; path = it.lproj/Localizable.strings; sourceTree = "<group>"; };
		3EEF85F91BA37EA30095A6FC /* CoreData.framework */ = {isa = PBXFileReference; lastKnownFileType = wrapper.framework; name = CoreData.framework; path = System/Library/Frameworks/CoreData.framework; sourceTree = SDKROOT; };
		3EEF85FB1BA37EC80095A6FC /* SystemConfiguration.framework */ = {isa = PBXFileReference; lastKnownFileType = wrapper.framework; name = SystemConfiguration.framework; path = System/Library/Frameworks/SystemConfiguration.framework; sourceTree = SDKROOT; };
		3EEF85FD1BA37EDD0095A6FC /* libz.dylib */ = {isa = PBXFileReference; lastKnownFileType = "compiled.mach-o.dylib"; name = libz.dylib; path = usr/lib/libz.dylib; sourceTree = SDKROOT; };
		3EEF85FF1BA37EFE0095A6FC /* libsqlite3.dylib */ = {isa = PBXFileReference; lastKnownFileType = "compiled.mach-o.dylib"; name = libsqlite3.dylib; path = usr/lib/libsqlite3.dylib; sourceTree = SDKROOT; };
		3EEF86011BA37F4B0095A6FC /* libGoogleAnalyticsServices.a */ = {isa = PBXFileReference; lastKnownFileType = archive.ar; name = libGoogleAnalyticsServices.a; path = ../../../Downloads/GoogleAnalyticsServicesiOS_3.13/libGoogleAnalyticsServices.a; sourceTree = "<group>"; };
		3EEF86051BA37FCF0095A6FC /* GAI.h */ = {isa = PBXFileReference; fileEncoding = 4; lastKnownFileType = sourcecode.c.h; path = GAI.h; sourceTree = "<group>"; };
		3EEF86061BA37FCF0095A6FC /* GAIDictionaryBuilder.h */ = {isa = PBXFileReference; fileEncoding = 4; lastKnownFileType = sourcecode.c.h; path = GAIDictionaryBuilder.h; sourceTree = "<group>"; };
		3EEF86071BA37FCF0095A6FC /* GAIEcommerceFields.h */ = {isa = PBXFileReference; fileEncoding = 4; lastKnownFileType = sourcecode.c.h; path = GAIEcommerceFields.h; sourceTree = "<group>"; };
		3EEF86081BA37FCF0095A6FC /* GAIEcommerceProduct.h */ = {isa = PBXFileReference; fileEncoding = 4; lastKnownFileType = sourcecode.c.h; path = GAIEcommerceProduct.h; sourceTree = "<group>"; };
		3EEF86091BA37FCF0095A6FC /* GAIEcommerceProductAction.h */ = {isa = PBXFileReference; fileEncoding = 4; lastKnownFileType = sourcecode.c.h; path = GAIEcommerceProductAction.h; sourceTree = "<group>"; };
		3EEF860A1BA37FCF0095A6FC /* GAIEcommercePromotion.h */ = {isa = PBXFileReference; fileEncoding = 4; lastKnownFileType = sourcecode.c.h; path = GAIEcommercePromotion.h; sourceTree = "<group>"; };
		3EEF860B1BA37FCF0095A6FC /* GAIFields.h */ = {isa = PBXFileReference; fileEncoding = 4; lastKnownFileType = sourcecode.c.h; path = GAIFields.h; sourceTree = "<group>"; };
		3EEF860C1BA37FCF0095A6FC /* GAILogger.h */ = {isa = PBXFileReference; fileEncoding = 4; lastKnownFileType = sourcecode.c.h; path = GAILogger.h; sourceTree = "<group>"; };
		3EEF860D1BA37FCF0095A6FC /* GAITrackedViewController.h */ = {isa = PBXFileReference; fileEncoding = 4; lastKnownFileType = sourcecode.c.h; path = GAITrackedViewController.h; sourceTree = "<group>"; };
		3EEF860E1BA37FCF0095A6FC /* GAITracker.h */ = {isa = PBXFileReference; fileEncoding = 4; lastKnownFileType = sourcecode.c.h; path = GAITracker.h; sourceTree = "<group>"; };
		3EEF860F1BA388BA0095A6FC /* GoogleService-Info.plist */ = {isa = PBXFileReference; fileEncoding = 4; lastKnownFileType = text.plist.xml; path = "GoogleService-Info.plist"; sourceTree = "<group>"; };
/* End PBXFileReference section */

/* Begin PBXFrameworksBuildPhase section */
		3E4B8C311B9E2953007BFE57 /* Frameworks */ = {
			isa = PBXFrameworksBuildPhase;
			buildActionMask = 2147483647;
			files = (
				3EEF86021BA37F4B0095A6FC /* libGoogleAnalyticsServices.a in Frameworks */,
				3EEF86001BA37EFE0095A6FC /* libsqlite3.dylib in Frameworks */,
				3EEF85FE1BA37EDD0095A6FC /* libz.dylib in Frameworks */,
				3EEF85FC1BA37EC80095A6FC /* SystemConfiguration.framework in Frameworks */,
				3EEF85FA1BA37EA30095A6FC /* CoreData.framework in Frameworks */,
			);
			runOnlyForDeploymentPostprocessing = 0;
		};
		3E4B8C4D1B9E2953007BFE57 /* Frameworks */ = {
			isa = PBXFrameworksBuildPhase;
			buildActionMask = 2147483647;
			files = (
			);
			runOnlyForDeploymentPostprocessing = 0;
		};
/* End PBXFrameworksBuildPhase section */

/* Begin PBXGroup section */
		3E4B8C2B1B9E2953007BFE57 = {
			isa = PBXGroup;
			children = (
				3EEF86011BA37F4B0095A6FC /* libGoogleAnalyticsServices.a */,
				3EEF85FF1BA37EFE0095A6FC /* libsqlite3.dylib */,
				3EEF85FD1BA37EDD0095A6FC /* libz.dylib */,
				3EEF85FB1BA37EC80095A6FC /* SystemConfiguration.framework */,
				3EEF85F91BA37EA30095A6FC /* CoreData.framework */,
				3E4B8C361B9E2953007BFE57 /* HotelManager */,
				3E4B8C531B9E2953007BFE57 /* HotelManagerTests */,
				3E4B8C351B9E2953007BFE57 /* Products */,
			);
			sourceTree = "<group>";
		};
		3E4B8C351B9E2953007BFE57 /* Products */ = {
			isa = PBXGroup;
			children = (
				3E4B8C341B9E2953007BFE57 /* HotelManager.app */,
				3E4B8C501B9E2953007BFE57 /* HotelManagerTests.xctest */,
			);
			name = Products;
			sourceTree = "<group>";
		};
		3E4B8C361B9E2953007BFE57 /* HotelManager */ = {
			isa = PBXGroup;
			children = (
				3EEF86041BA37F790095A6FC /* Google */,
				3E4B8C881B9E8833007BFE57 /* Controller */,
				3E4B8C871B9E8825007BFE57 /* Model */,
				3E4B8C811B9E876E007BFE57 /* Guest.h */,
				3E4B8C821B9E876E007BFE57 /* Guest.m */,
				3E4B8C471B9E2953007BFE57 /* Images.xcassets */,
				3E4B8C491B9E2953007BFE57 /* LaunchScreen.xib */,
				3E4B8C3E1B9E2953007BFE57 /* HotelManager.xcdatamodeld */,
				3E4B8C371B9E2953007BFE57 /* Supporting Files */,
			);
			path = HotelManager;
			sourceTree = "<group>";
		};
		3E4B8C371B9E2953007BFE57 /* Supporting Files */ = {
			isa = PBXGroup;
			children = (
				3EEF860F1BA388BA0095A6FC /* GoogleService-Info.plist */,
				3E4B8C8F1B9FB7D7007BFE57 /* hotels.json */,
				3E4B8C381B9E2953007BFE57 /* Info.plist */,
				3E4B8C391B9E2953007BFE57 /* main.m */,
			);
			name = "Supporting Files";
			sourceTree = "<group>";
		};
		3E4B8C531B9E2953007BFE57 /* HotelManagerTests */ = {
			isa = PBXGroup;
			children = (
				3EEF85ED1BA337240095A6FC /* ReservationServiceTest.m */,
				3EEF85EF1BA337410095A6FC /* HotelManagerTest.m */,
				3E4B8C541B9E2953007BFE57 /* Supporting Files */,
			);
			path = HotelManagerTests;
			sourceTree = "<group>";
		};
		3E4B8C541B9E2953007BFE57 /* Supporting Files */ = {
			isa = PBXGroup;
			children = (
				3E4B8C551B9E2953007BFE57 /* Info.plist */,
			);
			name = "Supporting Files";
			sourceTree = "<group>";
		};
		3E4B8C871B9E8825007BFE57 /* Model */ = {
			isa = PBXGroup;
			children = (
				3EEF85F81BA3636C0095A6FC /* Localizable.strings */,
				3E4B8CAD1BA1F518007BFE57 /* Room.h */,
				3E4B8CAE1BA1F518007BFE57 /* Room.m */,
				3E4B8CAA1BA1F40D007BFE57 /* Hotel.h */,
				3E4B8CAB1BA1F40D007BFE57 /* Hotel.m */,
				3E4B8CA71BA1E3CB007BFE57 /* Reservation.h */,
				3E4B8CA81BA1E3CB007BFE57 /* Reservation.m */,
				3E4B8C9D1BA0D18B007BFE57 /* CoreDataStack.h */,
				3E4B8C9E1BA0D18B007BFE57 /* CoreDataStack.m */,
				3E4B8CA01BA0D456007BFE57 /* ReservationService.h */,
				3E4B8CA11BA0D456007BFE57 /* ReservationService.m */,
			);
			name = Model;
			sourceTree = "<group>";
		};
		3E4B8C881B9E8833007BFE57 /* Controller */ = {
			isa = PBXGroup;
			children = (
				3E4B8CA61BA0E7CE007BFE57 /* MainMenu */,
				3E4B8CA41BA0E775007BFE57 /* BookARoom */,
				3E4B8CA31BA0E72A007BFE57 /* BrowseHotels */,
				3E4B8C891B9F5847007BFE57 /* HotelListViewController.h */,
				3E4B8C8A1B9F5847007BFE57 /* HotelListViewController.m */,
				3E4B8C8C1B9F625B007BFE57 /* RoomListViewController.h */,
				3E4B8C8D1B9F625B007BFE57 /* RoomListViewController.m */,
				3E4B8CA51BA0E786007BFE57 /* LookUpReservation */,
			);
			name = Controller;
			sourceTree = "<group>";
		};
		3E4B8CA31BA0E72A007BFE57 /* BrowseHotels */ = {
			isa = PBXGroup;
			children = (
			);
			name = BrowseHotels;
			sourceTree = "<group>";
		};
		3E4B8CA41BA0E775007BFE57 /* BookARoom */ = {
			isa = PBXGroup;
			children = (
				3E4B8C911B9FB973007BFE57 /* DatePickerViewController.h */,
				3E4B8C921B9FB973007BFE57 /* DatePickerViewController.m */,
				3E4B8C941B9FD7AD007BFE57 /* DatePickerEndViewController.h */,
				3E4B8C951B9FD7AD007BFE57 /* DatePickerEndViewController.m */,
				3E4B8C9A1BA0A72D007BFE57 /* AvailableRoomsViewController.h */,
				3E4B8C9B1BA0A72D007BFE57 /* AvailableRoomsViewController.m */,
				3E4B8C971B9FD8A8007BFE57 /* BookReservationViewController.h */,
				3E4B8C981B9FD8A8007BFE57 /* BookReservationViewController.m */,
			);
			name = BookARoom;
			sourceTree = "<group>";
		};
		3E4B8CA51BA0E786007BFE57 /* LookUpReservation */ = {
			isa = PBXGroup;
			children = (
			);
			name = LookUpReservation;
			sourceTree = "<group>";
		};
		3E4B8CA61BA0E7CE007BFE57 /* MainMenu */ = {
			isa = PBXGroup;
			children = (
				3E4B8C411B9E2953007BFE57 /* ViewController.h */,
				3E4B8C421B9E2953007BFE57 /* ViewController.m */,
				3E4B8C3B1B9E2953007BFE57 /* AppDelegate.h */,
				3E4B8C3C1B9E2953007BFE57 /* AppDelegate.m */,
			);
			name = MainMenu;
			sourceTree = "<group>";
		};
		3EEF86041BA37F790095A6FC /* Google */ = {
			isa = PBXGroup;
			children = (
				3EEF86051BA37FCF0095A6FC /* GAI.h */,
				3EEF86061BA37FCF0095A6FC /* GAIDictionaryBuilder.h */,
				3EEF86071BA37FCF0095A6FC /* GAIEcommerceFields.h */,
				3EEF86081BA37FCF0095A6FC /* GAIEcommerceProduct.h */,
				3EEF86091BA37FCF0095A6FC /* GAIEcommerceProductAction.h */,
				3EEF860A1BA37FCF0095A6FC /* GAIEcommercePromotion.h */,
				3EEF860B1BA37FCF0095A6FC /* GAIFields.h */,
				3EEF860C1BA37FCF0095A6FC /* GAILogger.h */,
				3EEF860D1BA37FCF0095A6FC /* GAITrackedViewController.h */,
				3EEF860E1BA37FCF0095A6FC /* GAITracker.h */,
			);
			name = Google;
			sourceTree = "<group>";
		};
/* End PBXGroup section */

/* Begin PBXNativeTarget section */
		3E4B8C331B9E2953007BFE57 /* HotelManager */ = {
			isa = PBXNativeTarget;
			buildConfigurationList = 3E4B8C5A1B9E2953007BFE57 /* Build configuration list for PBXNativeTarget "HotelManager" */;
			buildPhases = (
				3E4B8C301B9E2953007BFE57 /* Sources */,
				3E4B8C311B9E2953007BFE57 /* Frameworks */,
				3E4B8C321B9E2953007BFE57 /* Resources */,
			);
			buildRules = (
			);
			dependencies = (
			);
			name = HotelManager;
			productName = HotelManager;
			productReference = 3E4B8C341B9E2953007BFE57 /* HotelManager.app */;
			productType = "com.apple.product-type.application";
		};
		3E4B8C4F1B9E2953007BFE57 /* HotelManagerTests */ = {
			isa = PBXNativeTarget;
			buildConfigurationList = 3E4B8C5D1B9E2953007BFE57 /* Build configuration list for PBXNativeTarget "HotelManagerTests" */;
			buildPhases = (
				3E4B8C4C1B9E2953007BFE57 /* Sources */,
				3E4B8C4D1B9E2953007BFE57 /* Frameworks */,
				3E4B8C4E1B9E2953007BFE57 /* Resources */,
			);
			buildRules = (
			);
			dependencies = (
				3E4B8C521B9E2953007BFE57 /* PBXTargetDependency */,
			);
			name = HotelManagerTests;
			productName = HotelManagerTests;
			productReference = 3E4B8C501B9E2953007BFE57 /* HotelManagerTests.xctest */;
			productType = "com.apple.product-type.bundle.unit-test";
		};
/* End PBXNativeTarget section */

/* Begin PBXProject section */
		3E4B8C2C1B9E2953007BFE57 /* Project object */ = {
			isa = PBXProject;
			attributes = {
				LastUpgradeCheck = 0640;
				ORGANIZATIONNAME = SASH;
				TargetAttributes = {
					3E4B8C331B9E2953007BFE57 = {
						CreatedOnToolsVersion = 6.4;
					};
					3E4B8C4F1B9E2953007BFE57 = {
						CreatedOnToolsVersion = 6.4;
						TestTargetID = 3E4B8C331B9E2953007BFE57;
					};
				};
			};
			buildConfigurationList = 3E4B8C2F1B9E2953007BFE57 /* Build configuration list for PBXProject "HotelManager" */;
			compatibilityVersion = "Xcode 3.2";
			developmentRegion = English;
			hasScannedForEncodings = 0;
			knownRegions = (
				en,
				Base,
			);
			mainGroup = 3E4B8C2B1B9E2953007BFE57;
			productRefGroup = 3E4B8C351B9E2953007BFE57 /* Products */;
			projectDirPath = "";
			projectRoot = "";
			targets = (
				3E4B8C331B9E2953007BFE57 /* HotelManager */,
				3E4B8C4F1B9E2953007BFE57 /* HotelManagerTests */,
			);
		};
/* End PBXProject section */

/* Begin PBXResourcesBuildPhase section */
		3E4B8C321B9E2953007BFE57 /* Resources */ = {
			isa = PBXResourcesBuildPhase;
			buildActionMask = 2147483647;
			files = (
				3E4B8C901B9FB7D7007BFE57 /* hotels.json in Resources */,
				3EEF85F51BA3636C0095A6FC /* Localizable.strings in Resources */,
				3EEF86101BA388BA0095A6FC /* GoogleService-Info.plist in Resources */,
				3E4B8C4B1B9E2953007BFE57 /* LaunchScreen.xib in Resources */,
				3E4B8C481B9E2953007BFE57 /* Images.xcassets in Resources */,
			);
			runOnlyForDeploymentPostprocessing = 0;
		};
		3E4B8C4E1B9E2953007BFE57 /* Resources */ = {
			isa = PBXResourcesBuildPhase;
			buildActionMask = 2147483647;
			files = (
				3EEF85F61BA3636C0095A6FC /* Localizable.strings in Resources */,
				3EEF86111BA388BA0095A6FC /* GoogleService-Info.plist in Resources */,
			);
			runOnlyForDeploymentPostprocessing = 0;
		};
/* End PBXResourcesBuildPhase section */

/* Begin PBXSourcesBuildPhase section */
		3E4B8C301B9E2953007BFE57 /* Sources */ = {
			isa = PBXSourcesBuildPhase;
			buildActionMask = 2147483647;
			files = (
				3E4B8C931B9FB973007BFE57 /* DatePickerViewController.m in Sources */,
				3E4B8CA21BA0D456007BFE57 /* ReservationService.m in Sources */,
				3E4B8C9C1BA0A72D007BFE57 /* AvailableRoomsViewController.m in Sources */,
				3E4B8C831B9E876E007BFE57 /* Guest.m in Sources */,
				3E4B8C9F1BA0D18B007BFE57 /* CoreDataStack.m in Sources */,
				3E4B8C8E1B9F625B007BFE57 /* RoomListViewController.m in Sources */,
				3E4B8C3D1B9E2953007BFE57 /* AppDelegate.m in Sources */,
				3E4B8C961B9FD7AD007BFE57 /* DatePickerEndViewController.m in Sources */,
				3E4B8CA91BA1E3CB007BFE57 /* Reservation.m in Sources */,
				3E4B8C401B9E2953007BFE57 /* HotelManager.xcdatamodeld in Sources */,
				3E4B8C431B9E2953007BFE57 /* ViewController.m in Sources */,
				3E4B8C3A1B9E2953007BFE57 /* main.m in Sources */,
				3E4B8C991B9FD8A8007BFE57 /* BookReservationViewController.m in Sources */,
				3E4B8CAC1BA1F40D007BFE57 /* Hotel.m in Sources */,
				3E4B8CAF1BA1F518007BFE57 /* Room.m in Sources */,
				3E4B8C8B1B9F5847007BFE57 /* HotelListViewController.m in Sources */,
			);
			runOnlyForDeploymentPostprocessing = 0;
		};
		3E4B8C4C1B9E2953007BFE57 /* Sources */ = {
			isa = PBXSourcesBuildPhase;
			buildActionMask = 2147483647;
			files = (
				3EEF85F01BA337410095A6FC /* HotelManagerTest.m in Sources */,
				3EEF85EE1BA337240095A6FC /* ReservationServiceTest.m in Sources */,
			);
			runOnlyForDeploymentPostprocessing = 0;
		};
/* End PBXSourcesBuildPhase section */

/* Begin PBXTargetDependency section */
		3E4B8C521B9E2953007BFE57 /* PBXTargetDependency */ = {
			isa = PBXTargetDependency;
			target = 3E4B8C331B9E2953007BFE57 /* HotelManager */;
			targetProxy = 3E4B8C511B9E2953007BFE57 /* PBXContainerItemProxy */;
		};
/* End PBXTargetDependency section */

/* Begin PBXVariantGroup section */
		3E4B8C491B9E2953007BFE57 /* LaunchScreen.xib */ = {
			isa = PBXVariantGroup;
			children = (
				3E4B8C4A1B9E2953007BFE57 /* Base */,
				3EEF85F11BA362A40095A6FC /* it */,
			);
			name = LaunchScreen.xib;
			sourceTree = "<group>";
		};
		3EEF85F81BA3636C0095A6FC /* Localizable.strings */ = {
			isa = PBXVariantGroup;
			children = (
				3EEF85F71BA3636C0095A6FC /* it */,
			);
			name = Localizable.strings;
			sourceTree = "<group>";
		};
/* End PBXVariantGroup section */

/* Begin XCBuildConfiguration section */
		3E4B8C581B9E2953007BFE57 /* Debug */ = {
			isa = XCBuildConfiguration;
			buildSettings = {
				ALWAYS_SEARCH_USER_PATHS = NO;
				CLANG_CXX_LANGUAGE_STANDARD = "gnu++0x";
				CLANG_CXX_LIBRARY = "libc++";
				CLANG_ENABLE_MODULES = YES;
				CLANG_ENABLE_OBJC_ARC = YES;
				CLANG_WARN_BOOL_CONVERSION = YES;
				CLANG_WARN_CONSTANT_CONVERSION = YES;
				CLANG_WARN_DIRECT_OBJC_ISA_USAGE = YES_ERROR;
				CLANG_WARN_EMPTY_BODY = YES;
				CLANG_WARN_ENUM_CONVERSION = YES;
				CLANG_WARN_INT_CONVERSION = YES;
				CLANG_WARN_OBJC_ROOT_CLASS = YES_ERROR;
				CLANG_WARN_UNREACHABLE_CODE = YES;
				CLANG_WARN__DUPLICATE_METHOD_MATCH = YES;
				"CODE_SIGN_IDENTITY[sdk=iphoneos*]" = "iPhone Developer";
				COPY_PHASE_STRIP = NO;
				DEBUG_INFORMATION_FORMAT = "dwarf-with-dsym";
				ENABLE_STRICT_OBJC_MSGSEND = YES;
				GCC_C_LANGUAGE_STANDARD = gnu99;
				GCC_DYNAMIC_NO_PIC = NO;
				GCC_NO_COMMON_BLOCKS = YES;
				GCC_OPTIMIZATION_LEVEL = 0;
				GCC_PREPROCESSOR_DEFINITIONS = (
					"DEBUG=1",
					"$(inherited)",
				);
				GCC_SYMBOLS_PRIVATE_EXTERN = NO;
				GCC_WARN_64_TO_32_BIT_CONVERSION = YES;
				GCC_WARN_ABOUT_RETURN_TYPE = YES_ERROR;
				GCC_WARN_UNDECLARED_SELECTOR = YES;
				GCC_WARN_UNINITIALIZED_AUTOS = YES_AGGRESSIVE;
				GCC_WARN_UNUSED_FUNCTION = YES;
				GCC_WARN_UNUSED_VARIABLE = YES;
				IPHONEOS_DEPLOYMENT_TARGET = 8.4;
				MTL_ENABLE_DEBUG_INFO = YES;
				ONLY_ACTIVE_ARCH = YES;
				SDKROOT = iphoneos;
				TARGETED_DEVICE_FAMILY = "1,2";
			};
			name = Debug;
		};
		3E4B8C591B9E2953007BFE57 /* Release */ = {
			isa = XCBuildConfiguration;
			buildSettings = {
				ALWAYS_SEARCH_USER_PATHS = NO;
				CLANG_CXX_LANGUAGE_STANDARD = "gnu++0x";
				CLANG_CXX_LIBRARY = "libc++";
				CLANG_ENABLE_MODULES = YES;
				CLANG_ENABLE_OBJC_ARC = YES;
				CLANG_WARN_BOOL_CONVERSION = YES;
				CLANG_WARN_CONSTANT_CONVERSION = YES;
				CLANG_WARN_DIRECT_OBJC_ISA_USAGE = YES_ERROR;
				CLANG_WARN_EMPTY_BODY = YES;
				CLANG_WARN_ENUM_CONVERSION = YES;
				CLANG_WARN_INT_CONVERSION = YES;
				CLANG_WARN_OBJC_ROOT_CLASS = YES_ERROR;
				CLANG_WARN_UNREACHABLE_CODE = YES;
				CLANG_WARN__DUPLICATE_METHOD_MATCH = YES;
				"CODE_SIGN_IDENTITY[sdk=iphoneos*]" = "iPhone Developer";
				COPY_PHASE_STRIP = NO;
				DEBUG_INFORMATION_FORMAT = "dwarf-with-dsym";
				ENABLE_NS_ASSERTIONS = NO;
				ENABLE_STRICT_OBJC_MSGSEND = YES;
				GCC_C_LANGUAGE_STANDARD = gnu99;
				GCC_NO_COMMON_BLOCKS = YES;
				GCC_WARN_64_TO_32_BIT_CONVERSION = YES;
				GCC_WARN_ABOUT_RETURN_TYPE = YES_ERROR;
				GCC_WARN_UNDECLARED_SELECTOR = YES;
				GCC_WARN_UNINITIALIZED_AUTOS = YES_AGGRESSIVE;
				GCC_WARN_UNUSED_FUNCTION = YES;
				GCC_WARN_UNUSED_VARIABLE = YES;
				IPHONEOS_DEPLOYMENT_TARGET = 8.4;
				MTL_ENABLE_DEBUG_INFO = NO;
				SDKROOT = iphoneos;
				TARGETED_DEVICE_FAMILY = "1,2";
				VALIDATE_PRODUCT = YES;
			};
			name = Release;
		};
		3E4B8C5B1B9E2953007BFE57 /* Debug */ = {
			isa = XCBuildConfiguration;
			buildSettings = {
				ASSETCATALOG_COMPILER_APPICON_NAME = AppIcon;
				INFOPLIST_FILE = HotelManager/Info.plist;
				LD_RUNPATH_SEARCH_PATHS = "$(inherited) @executable_path/Frameworks";
				LIBRARY_SEARCH_PATHS = (
					"$(inherited)",
					/Users/sarahhermanns/Downloads/GoogleAnalyticsServicesiOS_3.13,
				);
				PRODUCT_NAME = "$(TARGET_NAME)";
			};
			name = Debug;
		};
		3E4B8C5C1B9E2953007BFE57 /* Release */ = {
			isa = XCBuildConfiguration;
			buildSettings = {
				ASSETCATALOG_COMPILER_APPICON_NAME = AppIcon;
				INFOPLIST_FILE = HotelManager/Info.plist;
				LD_RUNPATH_SEARCH_PATHS = "$(inherited) @executable_path/Frameworks";
				LIBRARY_SEARCH_PATHS = (
					"$(inherited)",
					/Users/sarahhermanns/Downloads/GoogleAnalyticsServicesiOS_3.13,
				);
				PRODUCT_NAME = "$(TARGET_NAME)";
			};
			name = Release;
		};
		3E4B8C5E1B9E2953007BFE57 /* Debug */ = {
			isa = XCBuildConfiguration;
			buildSettings = {
				BUNDLE_LOADER = "$(TEST_HOST)";
				FRAMEWORK_SEARCH_PATHS = (
					"$(SDKROOT)/Developer/Library/Frameworks",
					"$(inherited)",
				);
				GCC_PREPROCESSOR_DEFINITIONS = (
					"DEBUG=1",
					"$(inherited)",
				);
				INFOPLIST_FILE = HotelManagerTests/Info.plist;
				LD_RUNPATH_SEARCH_PATHS = "$(inherited) @executable_path/Frameworks @loader_path/Frameworks";
				PRODUCT_NAME = "$(TARGET_NAME)";
				TEST_HOST = "$(BUILT_PRODUCTS_DIR)/HotelManager.app/HotelManager";
			};
			name = Debug;
		};
		3E4B8C5F1B9E2953007BFE57 /* Release */ = {
			isa = XCBuildConfiguration;
			buildSettings = {
				BUNDLE_LOADER = "$(TEST_HOST)";
				FRAMEWORK_SEARCH_PATHS = (
					"$(SDKROOT)/Developer/Library/Frameworks",
					"$(inherited)",
				);
				INFOPLIST_FILE = HotelManagerTests/Info.plist;
				LD_RUNPATH_SEARCH_PATHS = "$(inherited) @executable_path/Frameworks @loader_path/Frameworks";
				PRODUCT_NAME = "$(TARGET_NAME)";
				TEST_HOST = "$(BUILT_PRODUCTS_DIR)/HotelManager.app/HotelManager";
			};
			name = Release;
		};
/* End XCBuildConfiguration section */

/* Begin XCConfigurationList section */
		3E4B8C2F1B9E2953007BFE57 /* Build configuration list for PBXProject "HotelManager" */ = {
			isa = XCConfigurationList;
			buildConfigurations = (
				3E4B8C581B9E2953007BFE57 /* Debug */,
				3E4B8C591B9E2953007BFE57 /* Release */,
			);
			defaultConfigurationIsVisible = 0;
			defaultConfigurationName = Release;
		};
		3E4B8C5A1B9E2953007BFE57 /* Build configuration list for PBXNativeTarget "HotelManager" */ = {
			isa = XCConfigurationList;
			buildConfigurations = (
				3E4B8C5B1B9E2953007BFE57 /* Debug */,
				3E4B8C5C1B9E2953007BFE57 /* Release */,
			);
			defaultConfigurationIsVisible = 0;
			defaultConfigurationName = Release;
		};
		3E4B8C5D1B9E2953007BFE57 /* Build configuration list for PBXNativeTarget "HotelManagerTests" */ = {
			isa = XCConfigurationList;
			buildConfigurations = (
				3E4B8C5E1B9E2953007BFE57 /* Debug */,
				3E4B8C5F1B9E2953007BFE57 /* Release */,
			);
			defaultConfigurationIsVisible = 0;
			defaultConfigurationName = Release;
		};
/* End XCConfigurationList section */

/* Begin XCVersionGroup section */
		3E4B8C3E1B9E2953007BFE57 /* HotelManager.xcdatamodeld */ = {
			isa = XCVersionGroup;
			children = (
				3E4B8C3F1B9E2953007BFE57 /* HotelManager.xcdatamodel */,
			);
			currentVersion = 3E4B8C3F1B9E2953007BFE57 /* HotelManager.xcdatamodel */;
			path = HotelManager.xcdatamodeld;
			sourceTree = "<group>";
			versionGroupType = wrapper.xcdatamodel;
		};
/* End XCVersionGroup section */
	};
	rootObject = 3E4B8C2C1B9E2953007BFE57 /* Project object */;
}
